
Microsoft Visual Studio Solution File, Format Version 12.00
# Visual Studio Version 17
VisualStudioVersion = 17.14.37301.10 d17.14
MinimumVisualStudioVersion = 10.0.40219.1
Project("{FAE04EC0-301F-11D3-BF4B-00C04F79EFBC}") = "DefendCore.API", "DefendCore.API\DefendCore.API.csproj", "{040C0107-EE50-4B37-A61D-65ED5A4CFC78}"
EndProject
Project("{FAE04EC0-301F-11D3-BF4B-00C04F79EFBC}") = "DefendCore.Application", "DefendCore.Application\DefendCore.Application.csproj", "{C16AE72A-0D48-4902-B561-5DADE5B5E99A}"
EndProject
Project("{FAE04EC0-301F-11D3-BF4B-00C04F79EFBC}") = "DefendCore.Infrastructure", "DefendCore.Infrastructure\DefendCore.Infrastructure.csproj", "{97597077-ED86-49AA-8740-91A09EECF556}"
EndProject
Project("{FAE04EC0-301F-11D3-BF4B-00C04F79EFBC}") = "DefendCore.Domain", "DefendCore.Domain\DefendCore.Domain.csproj", "{681CD2B1-FC05-4C87-8054-D786D119B6D3}"
EndProject
Global
	GlobalSection(SolutionConfigurationPlatforms) = preSolution
		Debug|Any CPU = Debug|Any CPU
		Release|Any CPU = Release|Any CPU
	EndGlobalSection
	GlobalSection(ProjectConfigurationPlatforms) = postSolution
		{040C0107-EE50-4B37-A61D-65ED5A4CFC78}.Debug|Any CPU.ActiveCfg = Debug|Any CPU
		{040C0107-EE50-4B37-A61D-65ED5A4CFC78}.Debug|Any CPU.Build.0 = Debug|Any CPU
		{040C0107-EE50-4B37-A61D-65ED5A4CFC78}.Release|Any CPU.ActiveCfg = Release|Any CPU
		{040C0107-EE50-4B37-A61D-65ED5A4CFC78}.Release|Any CPU.Build.0 = Release|Any CPU
		{C16AE72A-0D48-4902-B561-5DADE5B5E99A}.Debug|Any CPU.ActiveCfg = Debug|Any CPU
		{C16AE72A-0D48-4902-B561-5DADE5B5E99A}.Debug|Any CPU.Build.0 = Debug|Any CPU
		{C16AE72A-0D48-4902-B561-5DADE5B5E99A}.Release|Any CPU.ActiveCfg = Release|Any CPU
		{C16AE72A-0D48-4902-B561-5DADE5B5E99A}.Release|Any CPU.Build.0 = Release|Any CPU
		{97597077-ED86-49AA-8740-91A09EECF556}.Debug|Any CPU.ActiveCfg = Debug|Any CPU
		{97597077-ED86-49AA-8740-91A09EECF556}.Debug|Any CPU.Build.0 = Debug|Any CPU
		{97597077-ED86-49AA-8740-91A09EECF556}.Release|Any CPU.ActiveCfg = Release|Any CPU
		{97597077-ED86-49AA-8740-91A09EECF556}.Release|Any CPU.Build.0 = Release|Any CPU
		{681CD2B1-FC05-4C87-8054-D786D119B6D3}.Debug|Any CPU.ActiveCfg = Debug|Any CPU
		{681CD2B1-FC05-4C87-8054-D786D119B6D3}.Debug|Any CPU.Build.0 = Debug|Any CPU
		{681CD2B1-FC05-4C87-8054-D786D119B6D3}.Release|Any CPU.ActiveCfg = Release|Any CPU
		{681CD2B1-FC05-4C87-8054-D786D119B6D3}.Release|Any CPU.Build.0 = Release|Any CPU
	EndGlobalSection
	GlobalSection(SolutionProperties) = preSolution
		HideSolutionNode = FALSE
	EndGlobalSection
	GlobalSection(ExtensibilityGlobals) = postSolution
		SolutionGuid = {F22D1070-587E-4F84-BF6F-60E646060C57}
	EndGlobalSection
EndGlobal
